// !$*UTF8*$!
{
	archiveVersion = 1;
	classes = {
	};
	objectVersion = 51;
	objects = {

/* Begin PBXBuildFile section */
		032F8D2F27AEC6D600B54A89 /* ArticleService.swift in Sources */ = {isa = PBXBuildFile; fileRef = 032F8D2E27AEC6D600B54A89 /* ArticleService.swift */; };
		032F8D3127AEC99300B54A89 /* SearchArticleResponse.swift in Sources */ = {isa = PBXBuildFile; fileRef = 032F8D3027AEC99300B54A89 /* SearchArticleResponse.swift */; };
		032F8D3327AECA3B00B54A89 /* ArticleSearchItem.swift in Sources */ = {isa = PBXBuildFile; fileRef = 032F8D3227AECA3B00B54A89 /* ArticleSearchItem.swift */; };
		032F8D3527AECB0300B54A89 /* ArticleSearchItemSource.swift in Sources */ = {isa = PBXBuildFile; fileRef = 032F8D3427AECB0300B54A89 /* ArticleSearchItemSource.swift */; };
		032F8D3827AED5F000B54A89 /* Coordinator.swift in Sources */ = {isa = PBXBuildFile; fileRef = 032F8D3727AED5F000B54A89 /* Coordinator.swift */; };
		032F8D3A27AED67200B54A89 /* MainCoordinator.swift in Sources */ = {isa = PBXBuildFile; fileRef = 032F8D3927AED67200B54A89 /* MainCoordinator.swift */; };
		032F8D3D27AED82400B54A89 /* UIViewController.swift in Sources */ = {isa = PBXBuildFile; fileRef = 032F8D3C27AED82400B54A89 /* UIViewController.swift */; };
		03C1650A27AEB20F00591149 /* AppDelegate.swift in Sources */ = {isa = PBXBuildFile; fileRef = 03C1650927AEB20F00591149 /* AppDelegate.swift */; };
		03C1650C27AEB20F00591149 /* SceneDelegate.swift in Sources */ = {isa = PBXBuildFile; fileRef = 03C1650B27AEB20F00591149 /* SceneDelegate.swift */; };
		03C1650E27AEB20F00591149 /* ViewController.swift in Sources */ = {isa = PBXBuildFile; fileRef = 03C1650D27AEB20F00591149 /* ViewController.swift */; };
		03C1651127AEB20F00591149 /* Main.storyboard in Resources */ = {isa = PBXBuildFile; fileRef = 03C1650F27AEB20F00591149 /* Main.storyboard */; };
		03C1651327AEB21000591149 /* Assets.xcassets in Resources */ = {isa = PBXBuildFile; fileRef = 03C1651227AEB21000591149 /* Assets.xcassets */; };
		03C1651627AEB21000591149 /* LaunchScreen.storyboard in Resources */ = {isa = PBXBuildFile; fileRef = 03C1651427AEB21000591149 /* LaunchScreen.storyboard */; };
		03C1652127AEB21000591149 /* NewsAppTests.swift in Sources */ = {isa = PBXBuildFile; fileRef = 03C1652027AEB21000591149 /* NewsAppTests.swift */; };
		03C1652C27AEB21100591149 /* NewsAppUITests.swift in Sources */ = {isa = PBXBuildFile; fileRef = 03C1652B27AEB21100591149 /* NewsAppUITests.swift */; };
		03C1654027AEB66300591149 /* APIManagerProtocol.swift in Sources */ = {isa = PBXBuildFile; fileRef = 03C1653F27AEB66300591149 /* APIManagerProtocol.swift */; };
		03C1654227AEB68000591149 /* APIManager.swift in Sources */ = {isa = PBXBuildFile; fileRef = 03C1654127AEB68000591149 /* APIManager.swift */; };
		03C1654427AEB68F00591149 /* EndPoint.swift in Sources */ = {isa = PBXBuildFile; fileRef = 03C1654327AEB68F00591149 /* EndPoint.swift */; };
		03C1654627AEBB1C00591149 /* Constant.swift in Sources */ = {isa = PBXBuildFile; fileRef = 03C1654527AEBB1C00591149 /* Constant.swift */; };
		0A8242BF2450D3B1E87194D1 /* Pods_NewsAppTests.framework in Frameworks */ = {isa = PBXBuildFile; fileRef = 7DBD5037BC65CD5583078DE9 /* Pods_NewsAppTests.framework */; };
		81D2E990FA0F52CA4A6F2928 /* Pods_NewsApp_NewsAppUITests.framework in Frameworks */ = {isa = PBXBuildFile; fileRef = A26A0BA278CCBA004EC65A91 /* Pods_NewsApp_NewsAppUITests.framework */; };
		CC8B289A0651B992084866F8 /* Pods_NewsApp.framework in Frameworks */ = {isa = PBXBuildFile; fileRef = 4B141CBC066914F7BFA83702 /* Pods_NewsApp.framework */; };
/* End PBXBuildFile section */

/* Begin PBXContainerItemProxy section */
		03C1651D27AEB21000591149 /* PBXContainerItemProxy */ = {
			isa = PBXContainerItemProxy;
			containerPortal = 03C164FE27AEB20F00591149 /* Project object */;
			proxyType = 1;
			remoteGlobalIDString = 03C1650527AEB20F00591149;
			remoteInfo = NewsApp;
		};
		03C1652827AEB21100591149 /* PBXContainerItemProxy */ = {
			isa = PBXContainerItemProxy;
			containerPortal = 03C164FE27AEB20F00591149 /* Project object */;
			proxyType = 1;
			remoteGlobalIDString = 03C1650527AEB20F00591149;
			remoteInfo = NewsApp;
		};
/* End PBXContainerItemProxy section */

/* Begin PBXFileReference section */
		032F8D2E27AEC6D600B54A89 /* ArticleService.swift */ = {isa = PBXFileReference; lastKnownFileType = sourcecode.swift; path = ArticleService.swift; sourceTree = "<group>"; };
		032F8D3027AEC99300B54A89 /* SearchArticleResponse.swift */ = {isa = PBXFileReference; lastKnownFileType = sourcecode.swift; path = SearchArticleResponse.swift; sourceTree = "<group>"; };
		032F8D3227AECA3B00B54A89 /* ArticleSearchItem.swift */ = {isa = PBXFileReference; lastKnownFileType = sourcecode.swift; path = ArticleSearchItem.swift; sourceTree = "<group>"; };
		032F8D3427AECB0300B54A89 /* ArticleSearchItemSource.swift */ = {isa = PBXFileReference; lastKnownFileType = sourcecode.swift; path = ArticleSearchItemSource.swift; sourceTree = "<group>"; };
		032F8D3727AED5F000B54A89 /* Coordinator.swift */ = {isa = PBXFileReference; lastKnownFileType = sourcecode.swift; path = Coordinator.swift; sourceTree = "<group>"; };
		032F8D3927AED67200B54A89 /* MainCoordinator.swift */ = {isa = PBXFileReference; lastKnownFileType = sourcecode.swift; path = MainCoordinator.swift; sourceTree = "<group>"; };
		032F8D3C27AED82400B54A89 /* UIViewController.swift */ = {isa = PBXFileReference; lastKnownFileType = sourcecode.swift; path = UIViewController.swift; sourceTree = "<group>"; };
		03C1650627AEB20F00591149 /* NewsApp.app */ = {isa = PBXFileReference; explicitFileType = wrapper.application; includeInIndex = 0; path = NewsApp.app; sourceTree = BUILT_PRODUCTS_DIR; };
		03C1650927AEB20F00591149 /* AppDelegate.swift */ = {isa = PBXFileReference; lastKnownFileType = sourcecode.swift; path = AppDelegate.swift; sourceTree = "<group>"; };
		03C1650B27AEB20F00591149 /* SceneDelegate.swift */ = {isa = PBXFileReference; lastKnownFileType = sourcecode.swift; path = SceneDelegate.swift; sourceTree = "<group>"; };
		03C1650D27AEB20F00591149 /* ViewController.swift */ = {isa = PBXFileReference; lastKnownFileType = sourcecode.swift; path = ViewController.swift; sourceTree = "<group>"; };
		03C1651027AEB20F00591149 /* Base */ = {isa = PBXFileReference; lastKnownFileType = file.storyboard; name = Base; path = Base.lproj/Main.storyboard; sourceTree = "<group>"; };
		03C1651227AEB21000591149 /* Assets.xcassets */ = {isa = PBXFileReference; lastKnownFileType = folder.assetcatalog; path = Assets.xcassets; sourceTree = "<group>"; };
		03C1651527AEB21000591149 /* Base */ = {isa = PBXFileReference; lastKnownFileType = file.storyboard; name = Base; path = Base.lproj/LaunchScreen.storyboard; sourceTree = "<group>"; };
		03C1651727AEB21000591149 /* Info.plist */ = {isa = PBXFileReference; lastKnownFileType = text.plist.xml; path = Info.plist; sourceTree = "<group>"; };
		03C1651C27AEB21000591149 /* NewsAppTests.xctest */ = {isa = PBXFileReference; explicitFileType = wrapper.cfbundle; includeInIndex = 0; path = NewsAppTests.xctest; sourceTree = BUILT_PRODUCTS_DIR; };
		03C1652027AEB21000591149 /* NewsAppTests.swift */ = {isa = PBXFileReference; lastKnownFileType = sourcecode.swift; path = NewsAppTests.swift; sourceTree = "<group>"; };
		03C1652227AEB21000591149 /* Info.plist */ = {isa = PBXFileReference; lastKnownFileType = text.plist.xml; path = Info.plist; sourceTree = "<group>"; };
		03C1652727AEB21100591149 /* NewsAppUITests.xctest */ = {isa = PBXFileReference; explicitFileType = wrapper.cfbundle; includeInIndex = 0; path = NewsAppUITests.xctest; sourceTree = BUILT_PRODUCTS_DIR; };
		03C1652B27AEB21100591149 /* NewsAppUITests.swift */ = {isa = PBXFileReference; lastKnownFileType = sourcecode.swift; path = NewsAppUITests.swift; sourceTree = "<group>"; };
		03C1652D27AEB21100591149 /* Info.plist */ = {isa = PBXFileReference; lastKnownFileType = text.plist.xml; path = Info.plist; sourceTree = "<group>"; };
		03C1653F27AEB66300591149 /* APIManagerProtocol.swift */ = {isa = PBXFileReference; lastKnownFileType = sourcecode.swift; path = APIManagerProtocol.swift; sourceTree = "<group>"; };
		03C1654127AEB68000591149 /* APIManager.swift */ = {isa = PBXFileReference; lastKnownFileType = sourcecode.swift; path = APIManager.swift; sourceTree = "<group>"; };
		03C1654327AEB68F00591149 /* EndPoint.swift */ = {isa = PBXFileReference; lastKnownFileType = sourcecode.swift; path = EndPoint.swift; sourceTree = "<group>"; };
		03C1654527AEBB1C00591149 /* Constant.swift */ = {isa = PBXFileReference; lastKnownFileType = sourcecode.swift; path = Constant.swift; sourceTree = "<group>"; };
		1BBD9EB8E1AF1D16B9239800 /* Pods-NewsApp-NewsAppUITests.debug.xcconfig */ = {isa = PBXFileReference; includeInIndex = 1; lastKnownFileType = text.xcconfig; name = "Pods-NewsApp-NewsAppUITests.debug.xcconfig"; path = "Target Support Files/Pods-NewsApp-NewsAppUITests/Pods-NewsApp-NewsAppUITests.debug.xcconfig"; sourceTree = "<group>"; };
		4B141CBC066914F7BFA83702 /* Pods_NewsApp.framework */ = {isa = PBXFileReference; explicitFileType = wrapper.framework; includeInIndex = 0; path = Pods_NewsApp.framework; sourceTree = BUILT_PRODUCTS_DIR; };
		662921C2A1B38D499195BCD0 /* Pods-NewsAppTests.release.xcconfig */ = {isa = PBXFileReference; includeInIndex = 1; lastKnownFileType = text.xcconfig; name = "Pods-NewsAppTests.release.xcconfig"; path = "Target Support Files/Pods-NewsAppTests/Pods-NewsAppTests.release.xcconfig"; sourceTree = "<group>"; };
		7DBD5037BC65CD5583078DE9 /* Pods_NewsAppTests.framework */ = {isa = PBXFileReference; explicitFileType = wrapper.framework; includeInIndex = 0; path = Pods_NewsAppTests.framework; sourceTree = BUILT_PRODUCTS_DIR; };
		86B33E2E9A40BB0C4F0688EE /* Pods-NewsApp.release.xcconfig */ = {isa = PBXFileReference; includeInIndex = 1; lastKnownFileType = text.xcconfig; name = "Pods-NewsApp.release.xcconfig"; path = "Target Support Files/Pods-NewsApp/Pods-NewsApp.release.xcconfig"; sourceTree = "<group>"; };
		A26A0BA278CCBA004EC65A91 /* Pods_NewsApp_NewsAppUITests.framework */ = {isa = PBXFileReference; explicitFileType = wrapper.framework; includeInIndex = 0; path = Pods_NewsApp_NewsAppUITests.framework; sourceTree = BUILT_PRODUCTS_DIR; };
		AB1708D5E76307951EB49BBF /* Pods-NewsApp.debug.xcconfig */ = {isa = PBXFileReference; includeInIndex = 1; lastKnownFileType = text.xcconfig; name = "Pods-NewsApp.debug.xcconfig"; path = "Target Support Files/Pods-NewsApp/Pods-NewsApp.debug.xcconfig"; sourceTree = "<group>"; };
		AC825D1767D6E50405C3FCD9 /* Pods-NewsApp-NewsAppUITests.release.xcconfig */ = {isa = PBXFileReference; includeInIndex = 1; lastKnownFileType = text.xcconfig; name = "Pods-NewsApp-NewsAppUITests.release.xcconfig"; path = "Target Support Files/Pods-NewsApp-NewsAppUITests/Pods-NewsApp-NewsAppUITests.release.xcconfig"; sourceTree = "<group>"; };
		CCE369C95918C1DF51210894 /* Pods-NewsAppTests.debug.xcconfig */ = {isa = PBXFileReference; includeInIndex = 1; lastKnownFileType = text.xcconfig; name = "Pods-NewsAppTests.debug.xcconfig"; path = "Target Support Files/Pods-NewsAppTests/Pods-NewsAppTests.debug.xcconfig"; sourceTree = "<group>"; };
/* End PBXFileReference section */

/* Begin PBXFrameworksBuildPhase section */
		03C1650327AEB20F00591149 /* Frameworks */ = {
			isa = PBXFrameworksBuildPhase;
			buildActionMask = 2147483647;
			files = (
				CC8B289A0651B992084866F8 /* Pods_NewsApp.framework in Frameworks */,
			);
			runOnlyForDeploymentPostprocessing = 0;
		};
		03C1651927AEB21000591149 /* Frameworks */ = {
			isa = PBXFrameworksBuildPhase;
			buildActionMask = 2147483647;
			files = (
				0A8242BF2450D3B1E87194D1 /* Pods_NewsAppTests.framework in Frameworks */,
			);
			runOnlyForDeploymentPostprocessing = 0;
		};
		03C1652427AEB21100591149 /* Frameworks */ = {
			isa = PBXFrameworksBuildPhase;
			buildActionMask = 2147483647;
			files = (
				81D2E990FA0F52CA4A6F2928 /* Pods_NewsApp_NewsAppUITests.framework in Frameworks */,
			);
			runOnlyForDeploymentPostprocessing = 0;
		};
/* End PBXFrameworksBuildPhase section */

/* Begin PBXGroup section */
		032F8D2A27AEC67F00B54A89 /* Services */ = {
			isa = PBXGroup;
			children = (
				032F8D2E27AEC6D600B54A89 /* ArticleService.swift */,
			);
			path = Services;
			sourceTree = "<group>";
		};
		032F8D2B27AEC68D00B54A89 /* Entities */ = {
			isa = PBXGroup;
			children = (
				032F8D2C27AEC6A600B54A89 /* Model */,
				032F8D2D27AEC6BC00B54A89 /* Response */,
			);
			path = Entities;
			sourceTree = "<group>";
		};
		032F8D2C27AEC6A600B54A89 /* Model */ = {
			isa = PBXGroup;
			children = (
				032F8D3227AECA3B00B54A89 /* ArticleSearchItem.swift */,
				032F8D3427AECB0300B54A89 /* ArticleSearchItemSource.swift */,
			);
			path = Model;
			sourceTree = "<group>";
		};
		032F8D2D27AEC6BC00B54A89 /* Response */ = {
			isa = PBXGroup;
			children = (
				032F8D3027AEC99300B54A89 /* SearchArticleResponse.swift */,
			);
			path = Response;
			sourceTree = "<group>";
		};
		032F8D3627AED5E000B54A89 /* Coordinator */ = {
			isa = PBXGroup;
			children = (
				032F8D3727AED5F000B54A89 /* Coordinator.swift */,
				032F8D3927AED67200B54A89 /* MainCoordinator.swift */,
			);
			path = Coordinator;
			sourceTree = "<group>";
		};
		032F8D3B27AED80900B54A89 /* Extensions */ = {
			isa = PBXGroup;
			children = (
				032F8D3C27AED82400B54A89 /* UIViewController.swift */,
			);
			path = Extensions;
			sourceTree = "<group>";
		};
		03C164FD27AEB20F00591149 = {
			isa = PBXGroup;
			children = (
				03C1650827AEB20F00591149 /* NewsApp */,
				03C1651F27AEB21000591149 /* NewsAppTests */,
				03C1652A27AEB21100591149 /* NewsAppUITests */,
				03C1650727AEB20F00591149 /* Products */,
				3EBCABD8B22EA1ED7D12C068 /* Pods */,
				6ED28A70674DECE1EF83E596 /* Frameworks */,
			);
			sourceTree = "<group>";
		};
		03C1650727AEB20F00591149 /* Products */ = {
			isa = PBXGroup;
			children = (
				03C1650627AEB20F00591149 /* NewsApp.app */,
				03C1651C27AEB21000591149 /* NewsAppTests.xctest */,
				03C1652727AEB21100591149 /* NewsAppUITests.xctest */,
			);
			name = Products;
			sourceTree = "<group>";
		};
		03C1650827AEB20F00591149 /* NewsApp */ = {
			isa = PBXGroup;
			children = (
				03C1653B27AEB2F700591149 /* Screens */,
				03C1653D27AEB62600591149 /* Networking */,
				03C1653A27AEB2E800591149 /* Utilities */,
				03C1653927AEB26B00591149 /* Resources */,
			);
			path = NewsApp;
			sourceTree = "<group>";
		};
		03C1651F27AEB21000591149 /* NewsAppTests */ = {
			isa = PBXGroup;
			children = (
				03C1652027AEB21000591149 /* NewsAppTests.swift */,
				03C1652227AEB21000591149 /* Info.plist */,
			);
			path = NewsAppTests;
			sourceTree = "<group>";
		};
		03C1652A27AEB21100591149 /* NewsAppUITests */ = {
			isa = PBXGroup;
			children = (
				03C1652B27AEB21100591149 /* NewsAppUITests.swift */,
				03C1652D27AEB21100591149 /* Info.plist */,
			);
			path = NewsAppUITests;
			sourceTree = "<group>";
		};
		03C1653927AEB26B00591149 /* Resources */ = {
			isa = PBXGroup;
			children = (
				03C1651727AEB21000591149 /* Info.plist */,
				03C1651227AEB21000591149 /* Assets.xcassets */,
			);
			path = Resources;
			sourceTree = "<group>";
		};
		03C1653A27AEB2E800591149 /* Utilities */ = {
			isa = PBXGroup;
			children = (
				032F8D3627AED5E000B54A89 /* Coordinator */,
				032F8D3B27AED80900B54A89 /* Extensions */,
				03C1650927AEB20F00591149 /* AppDelegate.swift */,
				03C1650B27AEB20F00591149 /* SceneDelegate.swift */,
				03C1654527AEBB1C00591149 /* Constant.swift */,
			);
			path = Utilities;
			sourceTree = "<group>";
		};
		03C1653B27AEB2F700591149 /* Screens */ = {
			isa = PBXGroup;
			children = (
				03C1653C27AEB30400591149 /* Default */,
			);
			path = Screens;
			sourceTree = "<group>";
		};
		03C1653C27AEB30400591149 /* Default */ = {
			isa = PBXGroup;
			children = (
				03C1650D27AEB20F00591149 /* ViewController.swift */,
				03C1650F27AEB20F00591149 /* Main.storyboard */,
				03C1651427AEB21000591149 /* LaunchScreen.storyboard */,
			);
			path = Default;
			sourceTree = "<group>";
		};
		03C1653D27AEB62600591149 /* Networking */ = {
			isa = PBXGroup;
			children = (
				03C1653E27AEB63400591149 /* Base */,
				032F8D2B27AEC68D00B54A89 /* Entities */,
				032F8D2A27AEC67F00B54A89 /* Services */,
			);
			path = Networking;
			sourceTree = "<group>";
		};
		03C1653E27AEB63400591149 /* Base */ = {
			isa = PBXGroup;
			children = (
				03C1653F27AEB66300591149 /* APIManagerProtocol.swift */,
				03C1654127AEB68000591149 /* APIManager.swift */,
				03C1654327AEB68F00591149 /* EndPoint.swift */,
			);
			path = Base;
			sourceTree = "<group>";
		};
		3EBCABD8B22EA1ED7D12C068 /* Pods */ = {
			isa = PBXGroup;
			children = (
				AB1708D5E76307951EB49BBF /* Pods-NewsApp.debug.xcconfig */,
				86B33E2E9A40BB0C4F0688EE /* Pods-NewsApp.release.xcconfig */,
				1BBD9EB8E1AF1D16B9239800 /* Pods-NewsApp-NewsAppUITests.debug.xcconfig */,
				AC825D1767D6E50405C3FCD9 /* Pods-NewsApp-NewsAppUITests.release.xcconfig */,
				CCE369C95918C1DF51210894 /* Pods-NewsAppTests.debug.xcconfig */,
				662921C2A1B38D499195BCD0 /* Pods-NewsAppTests.release.xcconfig */,
			);
			path = Pods;
			sourceTree = "<group>";
		};
		6ED28A70674DECE1EF83E596 /* Frameworks */ = {
			isa = PBXGroup;
			children = (
				4B141CBC066914F7BFA83702 /* Pods_NewsApp.framework */,
				A26A0BA278CCBA004EC65A91 /* Pods_NewsApp_NewsAppUITests.framework */,
				7DBD5037BC65CD5583078DE9 /* Pods_NewsAppTests.framework */,
			);
			name = Frameworks;
			sourceTree = "<group>";
		};
/* End PBXGroup section */

/* Begin PBXNativeTarget section */
		03C1650527AEB20F00591149 /* NewsApp */ = {
			isa = PBXNativeTarget;
			buildConfigurationList = 03C1653027AEB21100591149 /* Build configuration list for PBXNativeTarget "NewsApp" */;
			buildPhases = (
				09A5038BB4C55F185CFE1E77 /* [CP] Check Pods Manifest.lock */,
				03C1650227AEB20F00591149 /* Sources */,
				03C1650327AEB20F00591149 /* Frameworks */,
				03C1650427AEB20F00591149 /* Resources */,
				4AA6624784878E10A7F929AA /* [CP] Embed Pods Frameworks */,
			);
			buildRules = (
			);
			dependencies = (
			);
			name = NewsApp;
			productName = NewsApp;
			productReference = 03C1650627AEB20F00591149 /* NewsApp.app */;
			productType = "com.apple.product-type.application";
		};
		03C1651B27AEB21000591149 /* NewsAppTests */ = {
			isa = PBXNativeTarget;
			buildConfigurationList = 03C1653327AEB21100591149 /* Build configuration list for PBXNativeTarget "NewsAppTests" */;
			buildPhases = (
				3BB36DA47387E79A9A0478D3 /* [CP] Check Pods Manifest.lock */,
				03C1651827AEB21000591149 /* Sources */,
				03C1651927AEB21000591149 /* Frameworks */,
				03C1651A27AEB21000591149 /* Resources */,
			);
			buildRules = (
			);
			dependencies = (
				03C1651E27AEB21000591149 /* PBXTargetDependency */,
			);
			name = NewsAppTests;
			productName = NewsAppTests;
			productReference = 03C1651C27AEB21000591149 /* NewsAppTests.xctest */;
			productType = "com.apple.product-type.bundle.unit-test";
		};
		03C1652627AEB21100591149 /* NewsAppUITests */ = {
			isa = PBXNativeTarget;
			buildConfigurationList = 03C1653627AEB21100591149 /* Build configuration list for PBXNativeTarget "NewsAppUITests" */;
			buildPhases = (
				6F13696DD12E315D00526B96 /* [CP] Check Pods Manifest.lock */,
				03C1652327AEB21100591149 /* Sources */,
				03C1652427AEB21100591149 /* Frameworks */,
				03C1652527AEB21100591149 /* Resources */,
				BC43C18D47D52C318A209C53 /* [CP] Embed Pods Frameworks */,
			);
			buildRules = (
			);
			dependencies = (
				03C1652927AEB21100591149 /* PBXTargetDependency */,
			);
			name = NewsAppUITests;
			productName = NewsAppUITests;
			productReference = 03C1652727AEB21100591149 /* NewsAppUITests.xctest */;
			productType = "com.apple.product-type.bundle.ui-testing";
		};
/* End PBXNativeTarget section */

/* Begin PBXProject section */
		03C164FE27AEB20F00591149 /* Project object */ = {
			isa = PBXProject;
			attributes = {
				LastSwiftUpdateCheck = 1250;
				LastUpgradeCheck = 1250;
				TargetAttributes = {
					03C1650527AEB20F00591149 = {
						CreatedOnToolsVersion = 12.5;
					};
					03C1651B27AEB21000591149 = {
						CreatedOnToolsVersion = 12.5;
						TestTargetID = 03C1650527AEB20F00591149;
					};
					03C1652627AEB21100591149 = {
						CreatedOnToolsVersion = 12.5;
						TestTargetID = 03C1650527AEB20F00591149;
					};
				};
			};
			buildConfigurationList = 03C1650127AEB20F00591149 /* Build configuration list for PBXProject "NewsApp" */;
			compatibilityVersion = "Xcode 9.3";
			developmentRegion = en;
			hasScannedForEncodings = 0;
			knownRegions = (
				en,
				Base,
			);
			mainGroup = 03C164FD27AEB20F00591149;
			productRefGroup = 03C1650727AEB20F00591149 /* Products */;
			projectDirPath = "";
			projectRoot = "";
			targets = (
				03C1650527AEB20F00591149 /* NewsApp */,
				03C1651B27AEB21000591149 /* NewsAppTests */,
				03C1652627AEB21100591149 /* NewsAppUITests */,
			);
		};
/* End PBXProject section */

/* Begin PBXResourcesBuildPhase section */
		03C1650427AEB20F00591149 /* Resources */ = {
			isa = PBXResourcesBuildPhase;
			buildActionMask = 2147483647;
			files = (
				03C1651627AEB21000591149 /* LaunchScreen.storyboard in Resources */,
				03C1651327AEB21000591149 /* Assets.xcassets in Resources */,
				03C1651127AEB20F00591149 /* Main.storyboard in Resources */,
			);
			runOnlyForDeploymentPostprocessing = 0;
		};
		03C1651A27AEB21000591149 /* Resources */ = {
			isa = PBXResourcesBuildPhase;
			buildActionMask = 2147483647;
			files = (
			);
			runOnlyForDeploymentPostprocessing = 0;
		};
		03C1652527AEB21100591149 /* Resources */ = {
			isa = PBXResourcesBuildPhase;
			buildActionMask = 2147483647;
			files = (
			);
			runOnlyForDeploymentPostprocessing = 0;
		};
/* End PBXResourcesBuildPhase section */

/* Begin PBXShellScriptBuildPhase section */
		09A5038BB4C55F185CFE1E77 /* [CP] Check Pods Manifest.lock */ = {
			isa = PBXShellScriptBuildPhase;
			buildActionMask = 2147483647;
			files = (
			);
			inputFileListPaths = (
			);
			inputPaths = (
				"${PODS_PODFILE_DIR_PATH}/Podfile.lock",
				"${PODS_ROOT}/Manifest.lock",
			);
			name = "[CP] Check Pods Manifest.lock";
			outputFileListPaths = (
			);
			outputPaths = (
				"$(DERIVED_FILE_DIR)/Pods-NewsApp-checkManifestLockResult.txt",
			);
			runOnlyForDeploymentPostprocessing = 0;
			shellPath = /bin/sh;
			shellScript = "diff \"${PODS_PODFILE_DIR_PATH}/Podfile.lock\" \"${PODS_ROOT}/Manifest.lock\" > /dev/null\nif [ $? != 0 ] ; then\n    # print error to STDERR\n    echo \"error: The sandbox is not in sync with the Podfile.lock. Run 'pod install' or update your CocoaPods installation.\" >&2\n    exit 1\nfi\n# This output is used by Xcode 'outputs' to avoid re-running this script phase.\necho \"SUCCESS\" > \"${SCRIPT_OUTPUT_FILE_0}\"\n";
			showEnvVarsInLog = 0;
		};
		3BB36DA47387E79A9A0478D3 /* [CP] Check Pods Manifest.lock */ = {
			isa = PBXShellScriptBuildPhase;
			buildActionMask = 2147483647;
			files = (
			);
			inputFileListPaths = (
			);
			inputPaths = (
				"${PODS_PODFILE_DIR_PATH}/Podfile.lock",
				"${PODS_ROOT}/Manifest.lock",
			);
			name = "[CP] Check Pods Manifest.lock";
			outputFileListPaths = (
			);
			outputPaths = (
				"$(DERIVED_FILE_DIR)/Pods-NewsAppTests-checkManifestLockResult.txt",
			);
			runOnlyForDeploymentPostprocessing = 0;
			shellPath = /bin/sh;
			shellScript = "diff \"${PODS_PODFILE_DIR_PATH}/Podfile.lock\" \"${PODS_ROOT}/Manifest.lock\" > /dev/null\nif [ $? != 0 ] ; then\n    # print error to STDERR\n    echo \"error: The sandbox is not in sync with the Podfile.lock. Run 'pod install' or update your CocoaPods installation.\" >&2\n    exit 1\nfi\n# This output is used by Xcode 'outputs' to avoid re-running this script phase.\necho \"SUCCESS\" > \"${SCRIPT_OUTPUT_FILE_0}\"\n";
			showEnvVarsInLog = 0;
		};
		4AA6624784878E10A7F929AA /* [CP] Embed Pods Frameworks */ = {
			isa = PBXShellScriptBuildPhase;
			buildActionMask = 2147483647;
			files = (
			);
			inputFileListPaths = (
				"${PODS_ROOT}/Target Support Files/Pods-NewsApp/Pods-NewsApp-frameworks-${CONFIGURATION}-input-files.xcfilelist",
			);
			name = "[CP] Embed Pods Frameworks";
			outputFileListPaths = (
				"${PODS_ROOT}/Target Support Files/Pods-NewsApp/Pods-NewsApp-frameworks-${CONFIGURATION}-output-files.xcfilelist",
			);
			runOnlyForDeploymentPostprocessing = 0;
			shellPath = /bin/sh;
			shellScript = "\"${PODS_ROOT}/Target Support Files/Pods-NewsApp/Pods-NewsApp-frameworks.sh\"\n";
			showEnvVarsInLog = 0;
		};
		6F13696DD12E315D00526B96 /* [CP] Check Pods Manifest.lock */ = {
			isa = PBXShellScriptBuildPhase;
			buildActionMask = 2147483647;
			files = (
			);
			inputFileListPaths = (
			);
			inputPaths = (
				"${PODS_PODFILE_DIR_PATH}/Podfile.lock",
				"${PODS_ROOT}/Manifest.lock",
			);
			name = "[CP] Check Pods Manifest.lock";
			outputFileListPaths = (
			);
			outputPaths = (
				"$(DERIVED_FILE_DIR)/Pods-NewsApp-NewsAppUITests-checkManifestLockResult.txt",
			);
			runOnlyForDeploymentPostprocessing = 0;
			shellPath = /bin/sh;
			shellScript = "diff \"${PODS_PODFILE_DIR_PATH}/Podfile.lock\" \"${PODS_ROOT}/Manifest.lock\" > /dev/null\nif [ $? != 0 ] ; then\n    # print error to STDERR\n    echo \"error: The sandbox is not in sync with the Podfile.lock. Run 'pod install' or update your CocoaPods installation.\" >&2\n    exit 1\nfi\n# This output is used by Xcode 'outputs' to avoid re-running this script phase.\necho \"SUCCESS\" > \"${SCRIPT_OUTPUT_FILE_0}\"\n";
			showEnvVarsInLog = 0;
		};
		BC43C18D47D52C318A209C53 /* [CP] Embed Pods Frameworks */ = {
			isa = PBXShellScriptBuildPhase;
			buildActionMask = 2147483647;
			files = (
			);
			inputFileListPaths = (
				"${PODS_ROOT}/Target Support Files/Pods-NewsApp-NewsAppUITests/Pods-NewsApp-NewsAppUITests-frameworks-${CONFIGURATION}-input-files.xcfilelist",
			);
			name = "[CP] Embed Pods Frameworks";
			outputFileListPaths = (
				"${PODS_ROOT}/Target Support Files/Pods-NewsApp-NewsAppUITests/Pods-NewsApp-NewsAppUITests-frameworks-${CONFIGURATION}-output-files.xcfilelist",
			);
			runOnlyForDeploymentPostprocessing = 0;
			shellPath = /bin/sh;
			shellScript = "\"${PODS_ROOT}/Target Support Files/Pods-NewsApp-NewsAppUITests/Pods-NewsApp-NewsAppUITests-frameworks.sh\"\n";
			showEnvVarsInLog = 0;
		};
/* End PBXShellScriptBuildPhase section */

/* Begin PBXSourcesBuildPhase section */
		03C1650227AEB20F00591149 /* Sources */ = {
			isa = PBXSourcesBuildPhase;
			buildActionMask = 2147483647;
			files = (
				032F8D3D27AED82400B54A89 /* UIViewController.swift in Sources */,
				03C1654627AEBB1C00591149 /* Constant.swift in Sources */,
				032F8D3327AECA3B00B54A89 /* ArticleSearchItem.swift in Sources */,
				03C1654427AEB68F00591149 /* EndPoint.swift in Sources */,
				03C1650E27AEB20F00591149 /* ViewController.swift in Sources */,
				032F8D3527AECB0300B54A89 /* ArticleSearchItemSource.swift in Sources */,
				03C1650A27AEB20F00591149 /* AppDelegate.swift in Sources */,
				032F8D3127AEC99300B54A89 /* SearchArticleResponse.swift in Sources */,
				032F8D2F27AEC6D600B54A89 /* ArticleService.swift in Sources */,
				032F8D3827AED5F000B54A89 /* Coordinator.swift in Sources */,
				03C1654227AEB68000591149 /* APIManager.swift in Sources */,
				032F8D3A27AED67200B54A89 /* MainCoordinator.swift in Sources */,
				03C1654027AEB66300591149 /* APIManagerProtocol.swift in Sources */,
				03C1650C27AEB20F00591149 /* SceneDelegate.swift in Sources */,
			);
			runOnlyForDeploymentPostprocessing = 0;
		};
		03C1651827AEB21000591149 /* Sources */ = {
			isa = PBXSourcesBuildPhase;
			buildActionMask = 2147483647;
			files = (
				03C1652127AEB21000591149 /* NewsAppTests.swift in Sources */,
			);
			runOnlyForDeploymentPostprocessing = 0;
		};
		03C1652327AEB21100591149 /* Sources */ = {
			isa = PBXSourcesBuildPhase;
			buildActionMask = 2147483647;
			files = (
				03C1652C27AEB21100591149 /* NewsAppUITests.swift in Sources */,
			);
			runOnlyForDeploymentPostprocessing = 0;
		};
/* End PBXSourcesBuildPhase section */

/* Begin PBXTargetDependency section */
		03C1651E27AEB21000591149 /* PBXTargetDependency */ = {
			isa = PBXTargetDependency;
			target = 03C1650527AEB20F00591149 /* NewsApp */;
			targetProxy = 03C1651D27AEB21000591149 /* PBXContainerItemProxy */;
		};
		03C1652927AEB21100591149 /* PBXTargetDependency */ = {
			isa = PBXTargetDependency;
			target = 03C1650527AEB20F00591149 /* NewsApp */;
			targetProxy = 03C1652827AEB21100591149 /* PBXContainerItemProxy */;
		};
/* End PBXTargetDependency section */

/* Begin PBXVariantGroup section */
		03C1650F27AEB20F00591149 /* Main.storyboard */ = {
			isa = PBXVariantGroup;
			children = (
				03C1651027AEB20F00591149 /* Base */,
			);
			name = Main.storyboard;
			sourceTree = "<group>";
		};
		03C1651427AEB21000591149 /* LaunchScreen.storyboard */ = {
			isa = PBXVariantGroup;
			children = (
				03C1651527AEB21000591149 /* Base */,
			);
			name = LaunchScreen.storyboard;
			sourceTree = "<group>";
		};
/* End PBXVariantGroup section */

/* Begin XCBuildConfiguration section */
		03C1652E27AEB21100591149 /* Debug */ = {
			isa = XCBuildConfiguration;
			buildSettings = {
				ALWAYS_SEARCH_USER_PATHS = NO;
				CLANG_ANALYZER_NONNULL = YES;
				CLANG_ANALYZER_NUMBER_OBJECT_CONVERSION = YES_AGGRESSIVE;
				CLANG_CXX_LANGUAGE_STANDARD = "gnu++14";
				CLANG_CXX_LIBRARY = "libc++";
				CLANG_ENABLE_MODULES = YES;
				CLANG_ENABLE_OBJC_ARC = YES;
				CLANG_ENABLE_OBJC_WEAK = YES;
				CLANG_WARN_BLOCK_CAPTURE_AUTORELEASING = YES;
				CLANG_WARN_BOOL_CONVERSION = YES;
				CLANG_WARN_COMMA = YES;
				CLANG_WARN_CONSTANT_CONVERSION = YES;
				CLANG_WARN_DEPRECATED_OBJC_IMPLEMENTATIONS = YES;
				CLANG_WARN_DIRECT_OBJC_ISA_USAGE = YES_ERROR;
				CLANG_WARN_DOCUMENTATION_COMMENTS = YES;
				CLANG_WARN_EMPTY_BODY = YES;
				CLANG_WARN_ENUM_CONVERSION = YES;
				CLANG_WARN_INFINITE_RECURSION = YES;
				CLANG_WARN_INT_CONVERSION = YES;
				CLANG_WARN_NON_LITERAL_NULL_CONVERSION = YES;
				CLANG_WARN_OBJC_IMPLICIT_RETAIN_SELF = YES;
				CLANG_WARN_OBJC_LITERAL_CONVERSION = YES;
				CLANG_WARN_OBJC_ROOT_CLASS = YES_ERROR;
				CLANG_WARN_QUOTED_INCLUDE_IN_FRAMEWORK_HEADER = YES;
				CLANG_WARN_RANGE_LOOP_ANALYSIS = YES;
				CLANG_WARN_STRICT_PROTOTYPES = YES;
				CLANG_WARN_SUSPICIOUS_MOVE = YES;
				CLANG_WARN_UNGUARDED_AVAILABILITY = YES_AGGRESSIVE;
				CLANG_WARN_UNREACHABLE_CODE = YES;
				CLANG_WARN__DUPLICATE_METHOD_MATCH = YES;
				COPY_PHASE_STRIP = NO;
				DEBUG_INFORMATION_FORMAT = dwarf;
				ENABLE_STRICT_OBJC_MSGSEND = YES;
				ENABLE_TESTABILITY = YES;
				GCC_C_LANGUAGE_STANDARD = gnu11;
				GCC_DYNAMIC_NO_PIC = NO;
				GCC_NO_COMMON_BLOCKS = YES;
				GCC_OPTIMIZATION_LEVEL = 0;
				GCC_PREPROCESSOR_DEFINITIONS = (
					"DEBUG=1",
					"$(inherited)",
				);
				GCC_WARN_64_TO_32_BIT_CONVERSION = YES;
				GCC_WARN_ABOUT_RETURN_TYPE = YES_ERROR;
				GCC_WARN_UNDECLARED_SELECTOR = YES;
				GCC_WARN_UNINITIALIZED_AUTOS = YES_AGGRESSIVE;
				GCC_WARN_UNUSED_FUNCTION = YES;
				GCC_WARN_UNUSED_VARIABLE = YES;
				IPHONEOS_DEPLOYMENT_TARGET = 14.5;
				MTL_ENABLE_DEBUG_INFO = INCLUDE_SOURCE;
				MTL_FAST_MATH = YES;
				ONLY_ACTIVE_ARCH = YES;
				SDKROOT = iphoneos;
				SWIFT_ACTIVE_COMPILATION_CONDITIONS = DEBUG;
				SWIFT_OPTIMIZATION_LEVEL = "-Onone";
			};
			name = Debug;
		};
		03C1652F27AEB21100591149 /* Release */ = {
			isa = XCBuildConfiguration;
			buildSettings = {
				ALWAYS_SEARCH_USER_PATHS = NO;
				CLANG_ANALYZER_NONNULL = YES;
				CLANG_ANALYZER_NUMBER_OBJECT_CONVERSION = YES_AGGRESSIVE;
				CLANG_CXX_LANGUAGE_STANDARD = "gnu++14";
				CLANG_CXX_LIBRARY = "libc++";
				CLANG_ENABLE_MODULES = YES;
				CLANG_ENABLE_OBJC_ARC = YES;
				CLANG_ENABLE_OBJC_WEAK = YES;
				CLANG_WARN_BLOCK_CAPTURE_AUTORELEASING = YES;
				CLANG_WARN_BOOL_CONVERSION = YES;
				CLANG_WARN_COMMA = YES;
				CLANG_WARN_CONSTANT_CONVERSION = YES;
				CLANG_WARN_DEPRECATED_OBJC_IMPLEMENTATIONS = YES;
				CLANG_WARN_DIRECT_OBJC_ISA_USAGE = YES_ERROR;
				CLANG_WARN_DOCUMENTATION_COMMENTS = YES;
				CLANG_WARN_EMPTY_BODY = YES;
				CLANG_WARN_ENUM_CONVERSION = YES;
				CLANG_WARN_INFINITE_RECURSION = YES;
				CLANG_WARN_INT_CONVERSION = YES;
				CLANG_WARN_NON_LITERAL_NULL_CONVERSION = YES;
				CLANG_WARN_OBJC_IMPLICIT_RETAIN_SELF = YES;
				CLANG_WARN_OBJC_LITERAL_CONVERSION = YES;
				CLANG_WARN_OBJC_ROOT_CLASS = YES_ERROR;
				CLANG_WARN_QUOTED_INCLUDE_IN_FRAMEWORK_HEADER = YES;
				CLANG_WARN_RANGE_LOOP_ANALYSIS = YES;
				CLANG_WARN_STRICT_PROTOTYPES = YES;
				CLANG_WARN_SUSPICIOUS_MOVE = YES;
				CLANG_WARN_UNGUARDED_AVAILABILITY = YES_AGGRESSIVE;
				CLANG_WARN_UNREACHABLE_CODE = YES;
				CLANG_WARN__DUPLICATE_METHOD_MATCH = YES;
				COPY_PHASE_STRIP = NO;
				DEBUG_INFORMATION_FORMAT = "dwarf-with-dsym";
				ENABLE_NS_ASSERTIONS = NO;
				ENABLE_STRICT_OBJC_MSGSEND = YES;
				GCC_C_LANGUAGE_STANDARD = gnu11;
				GCC_NO_COMMON_BLOCKS = YES;
				GCC_WARN_64_TO_32_BIT_CONVERSION = YES;
				GCC_WARN_ABOUT_RETURN_TYPE = YES_ERROR;
				GCC_WARN_UNDECLARED_SELECTOR = YES;
				GCC_WARN_UNINITIALIZED_AUTOS = YES_AGGRESSIVE;
				GCC_WARN_UNUSED_FUNCTION = YES;
				GCC_WARN_UNUSED_VARIABLE = YES;
				IPHONEOS_DEPLOYMENT_TARGET = 14.5;
				MTL_ENABLE_DEBUG_INFO = NO;
				MTL_FAST_MATH = YES;
				SDKROOT = iphoneos;
				SWIFT_COMPILATION_MODE = wholemodule;
				SWIFT_OPTIMIZATION_LEVEL = "-O";
				VALIDATE_PRODUCT = YES;
			};
			name = Release;
		};
		03C1653127AEB21100591149 /* Debug */ = {
			isa = XCBuildConfiguration;
			baseConfigurationReference = AB1708D5E76307951EB49BBF /* Pods-NewsApp.debug.xcconfig */;
			buildSettings = {
				ASSETCATALOG_COMPILER_APPICON_NAME = AppIcon;
				ASSETCATALOG_COMPILER_GLOBAL_ACCENT_COLOR_NAME = AccentColor;
				CODE_SIGN_STYLE = Automatic;
				INFOPLIST_FILE = NewsApp/Resources/Info.plist;
				LD_RUNPATH_SEARCH_PATHS = (
					"$(inherited)",
					"@executable_path/Frameworks",
				);
				PRODUCT_BUNDLE_IDENTIFIER = Moh.NewsApp;
				PRODUCT_NAME = "$(TARGET_NAME)";
				SWIFT_VERSION = 5.0;
				TARGETED_DEVICE_FAMILY = "1,2";
			};
			name = Debug;
		};
		03C1653227AEB21100591149 /* Release */ = {
			isa = XCBuildConfiguration;
			baseConfigurationReference = 86B33E2E9A40BB0C4F0688EE /* Pods-NewsApp.release.xcconfig */;
			buildSettings = {
				ASSETCATALOG_COMPILER_APPICON_NAME = AppIcon;
				ASSETCATALOG_COMPILER_GLOBAL_ACCENT_COLOR_NAME = AccentColor;
				CODE_SIGN_STYLE = Automatic;
				INFOPLIST_FILE = NewsApp/Resources/Info.plist;
				LD_RUNPATH_SEARCH_PATHS = (
					"$(inherited)",
					"@executable_path/Frameworks",
				);
				PRODUCT_BUNDLE_IDENTIFIER = Moh.NewsApp;
				PRODUCT_NAME = "$(TARGET_NAME)";
				SWIFT_VERSION = 5.0;
				TARGETED_DEVICE_FAMILY = "1,2";
			};
			name = Release;
		};
		03C1653427AEB21100591149 /* Debug */ = {
			isa = XCBuildConfiguration;
			baseConfigurationReference = CCE369C95918C1DF51210894 /* Pods-NewsAppTests.debug.xcconfig */;
			buildSettings = {
				ALWAYS_EMBED_SWIFT_STANDARD_LIBRARIES = YES;
				BUNDLE_LOADER = "$(TEST_HOST)";
				CODE_SIGN_STYLE = Automatic;
				INFOPLIST_FILE = NewsAppTests/Info.plist;
				IPHONEOS_DEPLOYMENT_TARGET = 14.5;
				LD_RUNPATH_SEARCH_PATHS = (
					"$(inherited)",
					"@executable_path/Frameworks",
					"@loader_path/Frameworks",
				);
				PRODUCT_BUNDLE_IDENTIFIER = Moh.NewsAppTests;
				PRODUCT_NAME = "$(TARGET_NAME)";
				SWIFT_VERSION = 5.0;
				TARGETED_DEVICE_FAMILY = "1,2";
				TEST_HOST = "$(BUILT_PRODUCTS_DIR)/NewsApp.app/NewsApp";
			};
			name = Debug;
		};
		03C1653527AEB21100591149 /* Release */ = {
			isa = XCBuildConfiguration;
			baseConfigurationReference = 662921C2A1B38D499195BCD0 /* Pods-NewsAppTests.release.xcconfig */;
			buildSettings = {
				ALWAYS_EMBED_SWIFT_STANDARD_LIBRARIES = YES;
				BUNDLE_LOADER = "$(TEST_HOST)";
				CODE_SIGN_STYLE = Automatic;
				INFOPLIST_FILE = NewsAppTests/Info.plist;
				IPHONEOS_DEPLOYMENT_TARGET = 14.5;
				LD_RUNPATH_SEARCH_PATHS = (
					"$(inherited)",
					"@executable_path/Frameworks",
					"@loader_path/Frameworks",
				);
				PRODUCT_BUNDLE_IDENTIFIER = Moh.NewsAppTests;
				PRODUCT_NAME = "$(TARGET_NAME)";
				SWIFT_VERSION = 5.0;
				TARGETED_DEVICE_FAMILY = "1,2";
				TEST_HOST = "$(BUILT_PRODUCTS_DIR)/NewsApp.app/NewsApp";
			};
			name = Release;
		};
		03C1653727AEB21100591149 /* Debug */ = {
			isa = XCBuildConfiguration;
			baseConfigurationReference = 1BBD9EB8E1AF1D16B9239800 /* Pods-NewsApp-NewsAppUITests.debug.xcconfig */;
			buildSettings = {
				ALWAYS_EMBED_SWIFT_STANDARD_LIBRARIES = YES;
				CODE_SIGN_STYLE = Automatic;
				INFOPLIST_FILE = NewsAppUITests/Info.plist;
				LD_RUNPATH_SEARCH_PATHS = (
					"$(inherited)",
					"@executable_path/Frameworks",
					"@loader_path/Frameworks",
				);
				PRODUCT_BUNDLE_IDENTIFIER = Moh.NewsAppUITests;
				PRODUCT_NAME = "$(TARGET_NAME)";
				SWIFT_VERSION = 5.0;
				TARGETED_DEVICE_FAMILY = "1,2";
				TEST_TARGET_NAME = NewsApp;
			};
			name = Debug;
		};
		03C1653827AEB21100591149 /* Release */ = {
			isa = XCBuildConfiguration;
			baseConfigurationReference = AC825D1767D6E50405C3FCD9 /* Pods-NewsApp-NewsAppUITests.release.xcconfig */;
			buildSettings = {
				ALWAYS_EMBED_SWIFT_STANDARD_LIBRARIES = YES;
				CODE_SIGN_STYLE = Automatic;
				INFOPLIST_FILE = NewsAppUITests/Info.plist;
				LD_RUNPATH_SEARCH_PATHS = (
					"$(inherited)",
					"@executable_path/Frameworks",
					"@loader_path/Frameworks",
				);
				PRODUCT_BUNDLE_IDENTIFIER = Moh.NewsAppUITests;
				PRODUCT_NAME = "$(TARGET_NAME)";
				SWIFT_VERSION = 5.0;
				TARGETED_DEVICE_FAMILY = "1,2";
				TEST_TARGET_NAME = NewsApp;
			};
			name = Release;
		};
/* End XCBuildConfiguration section */

/* Begin XCConfigurationList section */
		03C1650127AEB20F00591149 /* Build configuration list for PBXProject "NewsApp" */ = {
			isa = XCConfigurationList;
			buildConfigurations = (
				03C1652E27AEB21100591149 /* Debug */,
				03C1652F27AEB21100591149 /* Release */,
			);
			defaultConfigurationIsVisible = 0;
			defaultConfigurationName = Release;
		};
		03C1653027AEB21100591149 /* Build configuration list for PBXNativeTarget "NewsApp" */ = {
			isa = XCConfigurationList;
			buildConfigurations = (
				03C1653127AEB21100591149 /* Debug */,
				03C1653227AEB21100591149 /* Release */,
			);
			defaultConfigurationIsVisible = 0;
			defaultConfigurationName = Release;
		};
		03C1653327AEB21100591149 /* Build configuration list for PBXNativeTarget "NewsAppTests" */ = {
			isa = XCConfigurationList;
			buildConfigurations = (
				03C1653427AEB21100591149 /* Debug */,
				03C1653527AEB21100591149 /* Release */,
			);
			defaultConfigurationIsVisible = 0;
			defaultConfigurationName = Release;
		};
		03C1653627AEB21100591149 /* Build configuration list for PBXNativeTarget "NewsAppUITests" */ = {
			isa = XCConfigurationList;
			buildConfigurations = (
				03C1653727AEB21100591149 /* Debug */,
				03C1653827AEB21100591149 /* Release */,
			);
			defaultConfigurationIsVisible = 0;
			defaultConfigurationName = Release;
		};
/* End XCConfigurationList section */
	};
	rootObject = 03C164FE27AEB20F00591149 /* Project object */;
}
